// !$*UTF8*$!
{
	archiveVersion = 1;
	classes = {
	};
	objectVersion = 45;
	objects = {

/* Begin PBXBuildFile section */
		1D3623260D0F684500981E51 /* Lunch_comAppDelegate.m in Sources */ = {isa = PBXBuildFile; fileRef = 1D3623250D0F684500981E51 /* Lunch_comAppDelegate.m */; };
		1D60589B0D05DD56006BFB54 /* main.m in Sources */ = {isa = PBXBuildFile; fileRef = 29B97316FDCFA39411CA2CEA /* main.m */; };
		1D60589F0D05DD5A006BFB54 /* Foundation.framework in Frameworks */ = {isa = PBXBuildFile; fileRef = 1D30AB110D05D00D00671497 /* Foundation.framework */; };
		1DF5F4E00D08C38300B7A737 /* UIKit.framework in Frameworks */ = {isa = PBXBuildFile; fileRef = 1DF5F4DF0D08C38300B7A737 /* UIKit.framework */; };
		288765FD0DF74451002DB57D /* CoreGraphics.framework in Frameworks */ = {isa = PBXBuildFile; fileRef = 288765FC0DF74451002DB57D /* CoreGraphics.framework */; };
		28AD733F0D9D9553002E5188 /* MainWindow.xib in Resources */ = {isa = PBXBuildFile; fileRef = 28AD733E0D9D9553002E5188 /* MainWindow.xib */; };
		A06BDABB114E38FA00F08BEF /* tickmark.png in Resources */ = {isa = PBXBuildFile; fileRef = A06BDAB6114E38FA00F08BEF /* tickmark.png */; };
		A06BDABC114E38FA00F08BEF /* signup.png in Resources */ = {isa = PBXBuildFile; fileRef = A06BDAB7114E38FA00F08BEF /* signup.png */; };
		A06BDABD114E38FA00F08BEF /* icon.png in Resources */ = {isa = PBXBuildFile; fileRef = A06BDAB8114E38FA00F08BEF /* icon.png */; };
		A06BDABE114E38FA00F08BEF /* header.png in Resources */ = {isa = PBXBuildFile; fileRef = A06BDAB9114E38FA00F08BEF /* header.png */; };
		A06BDABF114E38FA00F08BEF /* tickbox.png in Resources */ = {isa = PBXBuildFile; fileRef = A06BDABA114E38FA00F08BEF /* tickbox.png */; };
		A06BDADE114E3DF800F08BEF /* tableicon.png in Resources */ = {isa = PBXBuildFile; fileRef = A06BDADC114E3DF800F08BEF /* tableicon.png */; };
		A06BDADF114E3DF800F08BEF /* bg.png in Resources */ = {isa = PBXBuildFile; fileRef = A06BDADD114E3DF800F08BEF /* bg.png */; };
		A06BDC51114E719000F08BEF /* NSObject+SBJSON.m in Sources */ = {isa = PBXBuildFile; fileRef = A06BDC46114E719000F08BEF /* NSObject+SBJSON.m */; };
		A06BDC52114E719000F08BEF /* NSString+SBJSON.m in Sources */ = {isa = PBXBuildFile; fileRef = A06BDC48114E719000F08BEF /* NSString+SBJSON.m */; };
		A06BDC53114E719000F08BEF /* SBJSON.m in Sources */ = {isa = PBXBuildFile; fileRef = A06BDC4A114E719000F08BEF /* SBJSON.m */; };
		A06BDC54114E719000F08BEF /* SBJsonBase.m in Sources */ = {isa = PBXBuildFile; fileRef = A06BDC4C114E719000F08BEF /* SBJsonBase.m */; };
		A06BDC55114E719000F08BEF /* SBJsonParser.m in Sources */ = {isa = PBXBuildFile; fileRef = A06BDC4E114E719000F08BEF /* SBJsonParser.m */; };
		A06BDC56114E719000F08BEF /* SBJsonWriter.m in Sources */ = {isa = PBXBuildFile; fileRef = A06BDC50114E719000F08BEF /* SBJsonWriter.m */; };
		A06BDCEB114E7AAD00F08BEF /* Default.png in Resources */ = {isa = PBXBuildFile; fileRef = A06BDCEA114E7AAD00F08BEF /* Default.png */; };
		A06BDF5C114E981100F08BEF /* internetConnection.m in Sources */ = {isa = PBXBuildFile; fileRef = A06BDF5B114E981100F08BEF /* internetConnection.m */; };
		A0D43CF41144EBE3005E9FF4 /* draftReviewController.m in Sources */ = {isa = PBXBuildFile; fileRef = A0D43CF31144EBE3005E9FF4 /* draftReviewController.m */; };
		A0D43CF71144EBEC005E9FF4 /* loginPage.m in Sources */ = {isa = PBXBuildFile; fileRef = A0D43CF51144EBEC005E9FF4 /* loginPage.m */; };
		A0D43CFA1144EBF4005E9FF4 /* postReviewController.m in Sources */ = {isa = PBXBuildFile; fileRef = A0D43CF91144EBF4005E9FF4 /* postReviewController.m */; };
		A0D43CFE1144EBFE005E9FF4 /* postReviewController.xib in Resources */ = {isa = PBXBuildFile; fileRef = A0D43CFB1144EBFE005E9FF4 /* postReviewController.xib */; };
		A0D43CFF1144EBFE005E9FF4 /* loginPage.xib in Resources */ = {isa = PBXBuildFile; fileRef = A0D43CFC1144EBFE005E9FF4 /* loginPage.xib */; };
		A0D43D001144EBFE005E9FF4 /* draftReviewController.xib in Resources */ = {isa = PBXBuildFile; fileRef = A0D43CFD1144EBFE005E9FF4 /* draftReviewController.xib */; };
		A0D43D061144ED08005E9FF4 /* connectRetriever.m in Sources */ = {isa = PBXBuildFile; fileRef = A0D43D051144ED08005E9FF4 /* connectRetriever.m */; };
/* End PBXBuildFile section */

/* Begin PBXFileReference section */
		1D30AB110D05D00D00671497 /* Foundation.framework */ = {isa = PBXFileReference; lastKnownFileType = wrapper.framework; name = Foundation.framework; path = System/Library/Frameworks/Foundation.framework; sourceTree = SDKROOT; };
		1D3623240D0F684500981E51 /* Lunch_comAppDelegate.h */ = {isa = PBXFileReference; fileEncoding = 4; lastKnownFileType = sourcecode.c.h; path = Lunch_comAppDelegate.h; sourceTree = "<group>"; };
		1D3623250D0F684500981E51 /* Lunch_comAppDelegate.m */ = {isa = PBXFileReference; fileEncoding = 4; lastKnownFileType = sourcecode.c.objc; path = Lunch_comAppDelegate.m; sourceTree = "<group>"; };
		1D6058910D05DD3D006BFB54 /* Lunch.com.app */ = {isa = PBXFileReference; explicitFileType = wrapper.application; includeInIndex = 0; path = Lunch.com.app; sourceTree = BUILT_PRODUCTS_DIR; };
		1DF5F4DF0D08C38300B7A737 /* UIKit.framework */ = {isa = PBXFileReference; lastKnownFileType = wrapper.framework; name = UIKit.framework; path = System/Library/Frameworks/UIKit.framework; sourceTree = SDKROOT; };
		288765FC0DF74451002DB57D /* CoreGraphics.framework */ = {isa = PBXFileReference; lastKnownFileType = wrapper.framework; name = CoreGraphics.framework; path = System/Library/Frameworks/CoreGraphics.framework; sourceTree = SDKROOT; };
		28AD733E0D9D9553002E5188 /* MainWindow.xib */ = {isa = PBXFileReference; lastKnownFileType = file.xib; path = MainWindow.xib; sourceTree = "<group>"; };
		29B97316FDCFA39411CA2CEA /* main.m */ = {isa = PBXFileReference; fileEncoding = 4; lastKnownFileType = sourcecode.c.objc; path = main.m; sourceTree = "<group>"; };
		32CA4F630368D1EE00C91783 /* Lunch_com_Prefix.pch */ = {isa = PBXFileReference; fileEncoding = 4; lastKnownFileType = sourcecode.c.h; path = Lunch_com_Prefix.pch; sourceTree = "<group>"; };
		8D1107310486CEB800E47090 /* Lunch_com-Info.plist */ = {isa = PBXFileReference; fileEncoding = 4; lastKnownFileType = text.plist.xml; path = "Lunch_com-Info.plist"; plistStructureDefinitionIdentifier = "com.apple.xcode.plist.structure-definition.iphone.info-plist"; sourceTree = "<group>"; };
		A06BDAB6114E38FA00F08BEF /* tickmark.png */ = {isa = PBXFileReference; lastKnownFileType = image.png; name = tickmark.png; path = Images/tickmark.png; sourceTree = "<group>"; };
		A06BDAB7114E38FA00F08BEF /* signup.png */ = {isa = PBXFileReference; lastKnownFileType = image.png; name = signup.png; path = Images/signup.png; sourceTree = "<group>"; };
		A06BDAB8114E38FA00F08BEF /* icon.png */ = {isa = PBXFileReference; lastKnownFileType = image.png; name = icon.png; path = Images/icon.png; sourceTree = "<group>"; };
		A06BDAB9114E38FA00F08BEF /* header.png */ = {isa = PBXFileReference; lastKnownFileType = image.png; name = header.png; path = Images/header.png; sourceTree = "<group>"; };
		A06BDABA114E38FA00F08BEF /* tickbox.png */ = {isa = PBXFileReference; lastKnownFileType = image.png; name = tickbox.png; path = Images/tickbox.png; sourceTree = "<group>"; };
		A06BDADC114E3DF800F08BEF /* tableicon.png */ = {isa = PBXFileReference; lastKnownFileType = image.png; name = tableicon.png; path = Images/tableicon.png; sourceTree = "<group>"; };
		A06BDADD114E3DF800F08BEF /* bg.png */ = {isa = PBXFileReference; lastKnownFileType = image.png; name = bg.png; path = Images/bg.png; sourceTree = "<group>"; };
		A06BDC44114E719000F08BEF /* JSON.h */ = {isa = PBXFileReference; fileEncoding = 4; lastKnownFileType = sourcecode.c.h; path = JSON.h; sourceTree = "<group>"; };
		A06BDC45114E719000F08BEF /* NSObject+SBJSON.h */ = {isa = PBXFileReference; fileEncoding = 4; lastKnownFileType = sourcecode.c.h; path = "NSObject+SBJSON.h"; sourceTree = "<group>"; };
		A06BDC46114E719000F08BEF /* NSObject+SBJSON.m */ = {isa = PBXFileReference; fileEncoding = 4; lastKnownFileType = sourcecode.c.objc; path = "NSObject+SBJSON.m"; sourceTree = "<group>"; };
		A06BDC47114E719000F08BEF /* NSString+SBJSON.h */ = {isa = PBXFileReference; fileEncoding = 4; lastKnownFileType = sourcecode.c.h; path = "NSString+SBJSON.h"; sourceTree = "<group>"; };
		A06BDC48114E719000F08BEF /* NSString+SBJSON.m */ = {isa = PBXFileReference; fileEncoding = 4; lastKnownFileType = sourcecode.c.objc; path = "NSString+SBJSON.m"; sourceTree = "<group>"; };
		A06BDC49114E719000F08BEF /* SBJSON.h */ = {isa = PBXFileReference; fileEncoding = 4; lastKnownFileType = sourcecode.c.h; path = SBJSON.h; sourceTree = "<group>"; };
		A06BDC4A114E719000F08BEF /* SBJSON.m */ = {isa = PBXFileReference; fileEncoding = 4; lastKnownFileType = sourcecode.c.objc; path = SBJSON.m; sourceTree = "<group>"; };
		A06BDC4B114E719000F08BEF /* SBJsonBase.h */ = {isa = PBXFileReference; fileEncoding = 4; lastKnownFileType = sourcecode.c.h; path = SBJsonBase.h; sourceTree = "<group>"; };
		A06BDC4C114E719000F08BEF /* SBJsonBase.m */ = {isa = PBXFileReference; fileEncoding = 4; lastKnownFileType = sourcecode.c.objc; path = SBJsonBase.m; sourceTree = "<group>"; };
		A06BDC4D114E719000F08BEF /* SBJsonParser.h */ = {isa = PBXFileReference; fileEncoding = 4; lastKnownFileType = sourcecode.c.h; path = SBJsonParser.h; sourceTree = "<group>"; };
		A06BDC4E114E719000F08BEF /* SBJsonParser.m */ = {isa = PBXFileReference; fileEncoding = 4; lastKnownFileType = sourcecode.c.objc; path = SBJsonParser.m; sourceTree = "<group>"; };
		A06BDC4F114E719000F08BEF /* SBJsonWriter.h */ = {isa = PBXFileReference; fileEncoding = 4; lastKnownFileType = sourcecode.c.h; path = SBJsonWriter.h; sourceTree = "<group>"; };
		A06BDC50114E719000F08BEF /* SBJsonWriter.m */ = {isa = PBXFileReference; fileEncoding = 4; lastKnownFileType = sourcecode.c.objc; path = SBJsonWriter.m; sourceTree = "<group>"; };
		A06BDCEA114E7AAD00F08BEF /* Default.png */ = {isa = PBXFileReference; lastKnownFileType = image.png; name = Default.png; path = Images/Default.png; sourceTree = "<group>"; };
		A06BDF5A114E981100F08BEF /* internetConnection.h */ = {isa = PBXFileReference; fileEncoding = 4; lastKnownFileType = sourcecode.c.h; path = internetConnection.h; sourceTree = "<group>"; };
		A06BDF5B114E981100F08BEF /* internetConnection.m */ = {isa = PBXFileReference; fileEncoding = 4; lastKnownFileType = sourcecode.c.objc; path = internetConnection.m; sourceTree = "<group>"; };
		A0D43CF21144EBE3005E9FF4 /* draftReviewController.h */ = {isa = PBXFileReference; fileEncoding = 4; lastKnownFileType = sourcecode.c.h; path = draftReviewController.h; sourceTree = "<group>"; };
		A0D43CF31144EBE3005E9FF4 /* draftReviewController.m */ = {isa = PBXFileReference; fileEncoding = 4; lastKnownFileType = sourcecode.c.objc; path = draftReviewController.m; sourceTree = "<group>"; };
		A0D43CF51144EBEC005E9FF4 /* loginPage.m */ = {isa = PBXFileReference; fileEncoding = 4; lastKnownFileType = sourcecode.c.objc; path = loginPage.m; sourceTree = "<group>"; };
		A0D43CF61144EBEC005E9FF4 /* loginPage.h */ = {isa = PBXFileReference; fileEncoding = 4; lastKnownFileType = sourcecode.c.h; path = loginPage.h; sourceTree = "<group>"; };
		A0D43CF81144EBF4005E9FF4 /* postReviewController.h */ = {isa = PBXFileReference; fileEncoding = 4; lastKnownFileType = sourcecode.c.h; path = postReviewController.h; sourceTree = "<group>"; };
		A0D43CF91144EBF4005E9FF4 /* postReviewController.m */ = {isa = PBXFileReference; fileEncoding = 4; lastKnownFileType = sourcecode.c.objc; path = postReviewController.m; sourceTree = "<group>"; };
		A0D43CFB1144EBFE005E9FF4 /* postReviewController.xib */ = {isa = PBXFileReference; lastKnownFileType = file.xib; name = postReviewController.xib; path = Classes/postReviewController.xib; sourceTree = "<group>"; };
		A0D43CFC1144EBFE005E9FF4 /* loginPage.xib */ = {isa = PBXFileReference; lastKnownFileType = file.xib; name = loginPage.xib; path = Classes/loginPage.xib; sourceTree = "<group>"; };
		A0D43CFD1144EBFE005E9FF4 /* draftReviewController.xib */ = {isa = PBXFileReference; lastKnownFileType = file.xib; name = draftReviewController.xib; path = Classes/draftReviewController.xib; sourceTree = "<group>"; };
		A0D43D041144ED08005E9FF4 /* connectRetriever.h */ = {isa = PBXFileReference; fileEncoding = 4; lastKnownFileType = sourcecode.c.h; path = connectRetriever.h; sourceTree = "<group>"; };
		A0D43D051144ED08005E9FF4 /* connectRetriever.m */ = {isa = PBXFileReference; fileEncoding = 4; lastKnownFileType = sourcecode.c.objc; path = connectRetriever.m; sourceTree = "<group>"; };
/* End PBXFileReference section */

/* Begin PBXFrameworksBuildPhase section */
		1D60588F0D05DD3D006BFB54 /* Frameworks */ = {
			isa = PBXFrameworksBuildPhase;
			buildActionMask = 2147483647;
			files = (
				1D60589F0D05DD5A006BFB54 /* Foundation.framework in Frameworks */,
				1DF5F4E00D08C38300B7A737 /* UIKit.framework in Frameworks */,
				288765FD0DF74451002DB57D /* CoreGraphics.framework in Frameworks */,
			);
			runOnlyForDeploymentPostprocessing = 0;
		};
/* End PBXFrameworksBuildPhase section */

/* Begin PBXGroup section */
		080E96DDFE201D6D7F000001 /* Classes */ = {
			isa = PBXGroup;
			children = (
				A06BDF2C114E975E00F08BEF /* Internet Connectivity */,
				A06BDC43114E718F00F08BEF /* JSON */,
				A0D43D011144ECEF005E9FF4 /* Webservices */,
				A0D43CEC1144EB50005E9FF4 /* Login */,
				A0D43CEB1144EB49005E9FF4 /* Draft Review */,
				A0D43CEA1144EB44005E9FF4 /* Post Review */,
				A0D43CE71144EB3E005E9FF4 /* Core */,
			);
			path = Classes;
			sourceTree = "<group>";
		};
		19C28FACFE9D520D11CA2CBB /* Products */ = {
			isa = PBXGroup;
			children = (
				1D6058910D05DD3D006BFB54 /* Lunch.com.app */,
			);
			name = Products;
			sourceTree = "<group>";
		};
		29B97314FDCFA39411CA2CEA /* CustomTemplate */ = {
			isa = PBXGroup;
			children = (
				A06BDA7F114E1AAB00F08BEF /* Images */,
				080E96DDFE201D6D7F000001 /* Classes */,
				29B97315FDCFA39411CA2CEA /* Other Sources */,
				29B97317FDCFA39411CA2CEA /* Resources */,
				29B97323FDCFA39411CA2CEA /* Frameworks */,
				19C28FACFE9D520D11CA2CBB /* Products */,
			);
			name = CustomTemplate;
			sourceTree = "<group>";
		};
		29B97315FDCFA39411CA2CEA /* Other Sources */ = {
			isa = PBXGroup;
			children = (
				32CA4F630368D1EE00C91783 /* Lunch_com_Prefix.pch */,
				29B97316FDCFA39411CA2CEA /* main.m */,
			);
			name = "Other Sources";
			sourceTree = "<group>";
		};
		29B97317FDCFA39411CA2CEA /* Resources */ = {
			isa = PBXGroup;
			children = (
				A0D43CED1144EB59005E9FF4 /* Nib Files */,
				28AD733E0D9D9553002E5188 /* MainWindow.xib */,
				8D1107310486CEB800E47090 /* Lunch_com-Info.plist */,
			);
			name = Resources;
			sourceTree = "<group>";
		};
		29B97323FDCFA39411CA2CEA /* Frameworks */ = {
			isa = PBXGroup;
			children = (
				1DF5F4DF0D08C38300B7A737 /* UIKit.framework */,
				1D30AB110D05D00D00671497 /* Foundation.framework */,
				288765FC0DF74451002DB57D /* CoreGraphics.framework */,
			);
			name = Frameworks;
			sourceTree = "<group>";
		};
		A06BDA7F114E1AAB00F08BEF /* Images */ = {
			isa = PBXGroup;
			children = (
				A06BDCEA114E7AAD00F08BEF /* Default.png */,
				A06BDADC114E3DF800F08BEF /* tableicon.png */,
				A06BDADD114E3DF800F08BEF /* bg.png */,
				A06BDAB6114E38FA00F08BEF /* tickmark.png */,
				A06BDAB7114E38FA00F08BEF /* signup.png */,
				A06BDAB8114E38FA00F08BEF /* icon.png */,
				A06BDAB9114E38FA00F08BEF /* header.png */,
				A06BDABA114E38FA00F08BEF /* tickbox.png */,
			);
			name = Images;
			sourceTree = "<group>";
		};
		A06BDC43114E718F00F08BEF /* JSON */ = {
			isa = PBXGroup;
			children = (
				A06BDC44114E719000F08BEF /* JSON.h */,
				A06BDC45114E719000F08BEF /* NSObject+SBJSON.h */,
				A06BDC46114E719000F08BEF /* NSObject+SBJSON.m */,
				A06BDC47114E719000F08BEF /* NSString+SBJSON.h */,
				A06BDC48114E719000F08BEF /* NSString+SBJSON.m */,
				A06BDC49114E719000F08BEF /* SBJSON.h */,
				A06BDC4A114E719000F08BEF /* SBJSON.m */,
				A06BDC4B114E719000F08BEF /* SBJsonBase.h */,
				A06BDC4C114E719000F08BEF /* SBJsonBase.m */,
				A06BDC4D114E719000F08BEF /* SBJsonParser.h */,
				A06BDC4E114E719000F08BEF /* SBJsonParser.m */,
				A06BDC4F114E719000F08BEF /* SBJsonWriter.h */,
				A06BDC50114E719000F08BEF /* SBJsonWriter.m */,
			);
			path = JSON;
			sourceTree = "<group>";
		};
		A06BDF2C114E975E00F08BEF /* Internet Connectivity */ = {
			isa = PBXGroup;
			children = (
				A06BDF5A114E981100F08BEF /* internetConnection.h */,
				A06BDF5B114E981100F08BEF /* internetConnection.m */,
			);
			name = "Internet Connectivity";
			sourceTree = "<group>";
		};
		A0D43CE71144EB3E005E9FF4 /* Core */ = {
			isa = PBXGroup;
			children = (
				1D3623240D0F684500981E51 /* Lunch_comAppDelegate.h */,
				1D3623250D0F684500981E51 /* Lunch_comAppDelegate.m */,
			);
			name = Core;
			sourceTree = "<group>";
		};
		A0D43CEA1144EB44005E9FF4 /* Post Review */ = {
			isa = PBXGroup;
			children = (
				A0D43CF81144EBF4005E9FF4 /* postReviewController.h */,
				A0D43CF91144EBF4005E9FF4 /* postReviewController.m */,
			);
			name = "Post Review";
			sourceTree = "<group>";
		};
		A0D43CEB1144EB49005E9FF4 /* Draft Review */ = {
			isa = PBXGroup;
			children = (
				A0D43CF21144EBE3005E9FF4 /* draftReviewController.h */,
				A0D43CF31144EBE3005E9FF4 /* draftReviewController.m */,
			);
			name = "Draft Review";
			sourceTree = "<group>";
		};
		A0D43CEC1144EB50005E9FF4 /* Login */ = {
			isa = PBXGroup;
			children = (
				A0D43CF61144EBEC005E9FF4 /* loginPage.h */,
				A0D43CF51144EBEC005E9FF4 /* loginPage.m */,
			);
			name = Login;
			sourceTree = "<group>";
		};
		A0D43CED1144EB59005E9FF4 /* Nib Files */ = {
			isa = PBXGroup;
			children = (
				A0D43CFB1144EBFE005E9FF4 /* postReviewController.xib */,
				A0D43CFC1144EBFE005E9FF4 /* loginPage.xib */,
				A0D43CFD1144EBFE005E9FF4 /* draftReviewController.xib */,
			);
			name = "Nib Files";
			sourceTree = "<group>";
		};
		A0D43D011144ECEF005E9FF4 /* Webservices */ = {
			isa = PBXGroup;
			children = (
				A0D43D041144ED08005E9FF4 /* connectRetriever.h */,
				A0D43D051144ED08005E9FF4 /* connectRetriever.m */,
			);
			name = Webservices;
			sourceTree = "<group>";
		};
/* End PBXGroup section */

/* Begin PBXNativeTarget section */
		1D6058900D05DD3D006BFB54 /* Lunch.com */ = {
			isa = PBXNativeTarget;
			buildConfigurationList = 1D6058960D05DD3E006BFB54 /* Build configuration list for PBXNativeTarget "Lunch.com" */;
			buildPhases = (
				1D60588D0D05DD3D006BFB54 /* Resources */,
				1D60588E0D05DD3D006BFB54 /* Sources */,
				1D60588F0D05DD3D006BFB54 /* Frameworks */,
			);
			buildRules = (
			);
			dependencies = (
			);
			name = Lunch.com;
			productName = Lunch.com;
			productReference = 1D6058910D05DD3D006BFB54 /* Lunch.com.app */;
			productType = "com.apple.product-type.application";
		};
/* End PBXNativeTarget section */

/* Begin PBXProject section */
		29B97313FDCFA39411CA2CEA /* Project object */ = {
			isa = PBXProject;
			buildConfigurationList = C01FCF4E08A954540054247B /* Build configuration list for PBXProject "Lunch.com" */;
			compatibilityVersion = "Xcode 3.1";
			hasScannedForEncodings = 1;
			mainGroup = 29B97314FDCFA39411CA2CEA /* CustomTemplate */;
			projectDirPath = "";
			projectRoot = "";
			targets = (
				1D6058900D05DD3D006BFB54 /* Lunch.com */,
			);
		};
/* End PBXProject section */

/* Begin PBXResourcesBuildPhase section */
		1D60588D0D05DD3D006BFB54 /* Resources */ = {
			isa = PBXResourcesBuildPhase;
			buildActionMask = 2147483647;
			files = (
				28AD733F0D9D9553002E5188 /* MainWindow.xib in Resources */,
				A0D43CFE1144EBFE005E9FF4 /* postReviewController.xib in Resources */,
				A0D43CFF1144EBFE005E9FF4 /* loginPage.xib in Resources */,
				A0D43D001144EBFE005E9FF4 /* draftReviewController.xib in Resources */,
				A06BDABB114E38FA00F08BEF /* tickmark.png in Resources */,
				A06BDABC114E38FA00F08BEF /* signup.png in Resources */,
				A06BDABD114E38FA00F08BEF /* icon.png in Resources */,
				A06BDABE114E38FA00F08BEF /* header.png in Resources */,
				A06BDABF114E38FA00F08BEF /* tickbox.png in Resources */,
				A06BDADE114E3DF800F08BEF /* tableicon.png in Resources */,
				A06BDADF114E3DF800F08BEF /* bg.png in Resources */,
				A06BDCEB114E7AAD00F08BEF /* Default.png in Resources */,
			);
			runOnlyForDeploymentPostprocessing = 0;
		};
/* End PBXResourcesBuildPhase section */

/* Begin PBXSourcesBuildPhase section */
		1D60588E0D05DD3D006BFB54 /* Sources */ = {
			isa = PBXSourcesBuildPhase;
			buildActionMask = 2147483647;
			files = (
				1D60589B0D05DD56006BFB54 /* main.m in Sources */,
				1D3623260D0F684500981E51 /* Lunch_comAppDelegate.m in Sources */,
				A0D43CF41144EBE3005E9FF4 /* draftReviewController.m in Sources */,
				A0D43CF71144EBEC005E9FF4 /* loginPage.m in Sources */,
				A0D43CFA1144EBF4005E9FF4 /* postReviewController.m in Sources */,
				A0D43D061144ED08005E9FF4 /* connectRetriever.m in Sources */,
				A06BDC51114E719000F08BEF /* NSObject+SBJSON.m in Sources */,
				A06BDC52114E719000F08BEF /* NSString+SBJSON.m in Sources */,
				A06BDC53114E719000F08BEF /* SBJSON.m in Sources */,
				A06BDC54114E719000F08BEF /* SBJsonBase.m in Sources */,
				A06BDC55114E719000F08BEF /* SBJsonParser.m in Sources */,
				A06BDC56114E719000F08BEF /* SBJsonWriter.m in Sources */,
				A06BDF5C114E981100F08BEF /* internetConnection.m in Sources */,
			);
			runOnlyForDeploymentPostprocessing = 0;
		};
/* End PBXSourcesBuildPhase section */

/* Begin XCBuildConfiguration section */
		1D6058940D05DD3E006BFB54 /* Debug */ = {
			isa = XCBuildConfiguration;
			buildSettings = {
				ALWAYS_SEARCH_USER_PATHS = NO;
				COPY_PHASE_STRIP = NO;
				GCC_DYNAMIC_NO_PIC = NO;
				GCC_OPTIMIZATION_LEVEL = 0;
				GCC_PRECOMPILE_PREFIX_HEADER = YES;
				GCC_PREFIX_HEADER = Lunch_com_Prefix.pch;
				INFOPLIST_FILE = "Lunch_com-Info.plist";
				PRODUCT_NAME = Lunch.com;
			};
			name = Debug;
		};
		1D6058950D05DD3E006BFB54 /* Release */ = {
			isa = XCBuildConfiguration;
			buildSettings = {
				ALWAYS_SEARCH_USER_PATHS = NO;
				COPY_PHASE_STRIP = YES;
				GCC_PRECOMPILE_PREFIX_HEADER = YES;
				GCC_PREFIX_HEADER = Lunch_com_Prefix.pch;
				INFOPLIST_FILE = "Lunch_com-Info.plist";
				PRODUCT_NAME = Lunch.com;
			};
			name = Release;
		};
		C01FCF4F08A954540054247B /* Debug */ = {
			isa = XCBuildConfiguration;
			buildSettings = {
				ARCHS = "$(ARCHS_STANDARD_32_BIT)";
				"CODE_SIGN_IDENTITY[sdk=iphoneos*]" = "iPhone Developer";
				GCC_C_LANGUAGE_STANDARD = c99;
				GCC_WARN_ABOUT_RETURN_TYPE = YES;
				GCC_WARN_UNUSED_VARIABLE = YES;
				PREBINDING = NO;
				SDKROOT = iphoneos3.1.2;
			};
			name = Debug;
		};
		C01FCF5008A954540054247B /* Release */ = {
			isa = XCBuildConfiguration;
			buildSettings = {
				ARCHS = "$(ARCHS_STANDARD_32_BIT)";
				"CODE_SIGN_IDENTITY[sdk=iphoneos*]" = "iPhone Developer";
				GCC_C_LANGUAGE_STANDARD = c99;
				GCC_WARN_ABOUT_RETURN_TYPE = YES;
				GCC_WARN_UNUSED_VARIABLE = YES;
				PREBINDING = NO;
				SDKROOT = iphoneos3.1.2;
			};
			name = Release;
		};
/* End XCBuildConfiguration section */

/* Begin XCConfigurationList section */
		1D6058960D05DD3E006BFB54 /* Build configuration list for PBXNativeTarget "Lunch.com" */ = {
			isa = XCConfigurationList;
			buildConfigurations = (
				1D6058940D05DD3E006BFB54 /* Debug */,
				1D6058950D05DD3E006BFB54 /* Release */,
			);
			defaultConfigurationIsVisible = 0;
			defaultConfigurationName = Release;
		};
		C01FCF4E08A954540054247B /* Build configuration list for PBXProject "Lunch.com" */ = {
			isa = XCConfigurationList;
			buildConfigurations = (
				C01FCF4F08A954540054247B /* Debug */,
				C01FCF5008A954540054247B /* Release */,
			);
			defaultConfigurationIsVisible = 0;
			defaultConfigurationName = Release;
		};
/* End XCConfigurationList section */
	};
	rootObject = 29B97313FDCFA39411CA2CEA /* Project object */;
}
